<?xml version="1.0" encoding="UTF-8"?>
<!DOCTYPE plist PUBLIC "-//Apple//DTD PLIST 1.0//EN" "http://www.apple.com/DTDs/PropertyList-1.0.dtd">
<plist version="1.0">
<dict>
	<key>archiveVersion</key>
	<string>1</string>
	<key>classes</key>
	<dict/>
	<key>objectVersion</key>
	<string>46</string>
	<key>objects</key>
	<dict>
		<key>00d956f47563083b991abf86</key>
		<dict>
			<key>fileRef</key>
			<string>92D56A3A18A3945700B4369B</string>
			<key>isa</key>
			<string>PBXBuildFile</string>
		</dict>
		<key>02a8090752c77fdf21d4cc51</key>
		<dict>
			<key>buildSettings</key>
			<dict>
				<key>ASSETCATALOG_COMPILER_APPICON_NAME</key>
				<string>AppIcon</string>
				<key>ASSETCATALOG_COMPILER_LAUNCHIMAGE_NAME</key>
				<string>LaunchImage</string>
				<key>CODE_SIGN_IDENTITY</key>
				<string>iPhone Developer</string>
				<key>CODE_SIGN_IDENTITY[sdk=iphoneos*]</key>
				<string>iPhone Developer</string>
				<key>FRAMEWORK_SEARCH_PATHS</key>
				<array>
					<string>$(inherited)</string>
					<string>"$(SRCROOT)"</string>
				</array>
				<key>GCC_PRECOMPILE_PREFIX_HEADER</key>
				<string>YES</string>
				<key>GCC_PREFIX_HEADER</key>
				<string>Permissions/Permissions-Prefix.pch</string>
				<key>INFOPLIST_FILE</key>
				<string>Permissions/Permissions-Info.plist</string>
				<key>OTHER_LDFLAGS</key>
				<array>
					<string>$(inherited)</string>
					<string>-force_load</string>
					<string>"$(SRCROOT)/calabash.framework/calabash"</string>
					<string>-lstdc++</string>
				</array>
				<key>PRODUCT_NAME</key>
				<string>$(TARGET_NAME)</string>
				<key>PROVISIONING_PROFILE</key>
				<string></string>
				<key>WRAPPER_EXTENSION</key>
				<string>app</string>
			</dict>
			<key>isa</key>
			<string>XCBuildConfiguration</string>
			<key>name</key>
			<string>Release</string>
		</dict>
		<key>09ddaf9e291ccafa8a8eaa20</key>
		<dict>
			<key>fileRef</key>
			<string>b0255be9be319745b429c3af</string>
			<key>isa</key>
			<string>PBXBuildFile</string>
		</dict>
		<key>0baaba571ac6fd035a89e432</key>
		<dict>
			<key>fileRef</key>
			<string>92D56A1218A38F0300B4369B</string>
			<key>isa</key>
			<string>PBXBuildFile</string>
		</dict>
		<key>13fde85fceb4db6457066e91</key>
		<dict>
			<key>buildActionMask</key>
			<string>2147483647</string>
			<key>files</key>
			<array>
				<string>bab4e294c315b18a5140062e</string>
				<string>e8988f8647cb9a7127524d11</string>
				<string>745a6cda73916e770c04567e</string>
			</array>
			<key>isa</key>
			<string>PBXSourcesBuildPhase</string>
			<key>runOnlyForDeploymentPostprocessing</key>
			<string>0</string>
		</dict>
		<key>15fc252e227f2b21985c85df</key>
		<dict>
			<key>explicitFileType</key>
			<string>wrapper.application</string>
			<key>includeInIndex</key>
			<string>0</string>
			<key>isa</key>
			<string>PBXFileReference</string>
			<key>path</key>
			<string>Permissions-cal.app</string>
			<key>sourceTree</key>
			<string>BUILT_PRODUCTS_DIR</string>
		</dict>
		<key>4bae86e08f26eba4b76433d7</key>
		<dict>
			<key>fileEncoding</key>
			<string>4</string>
			<key>isa</key>
			<string>PBXFileReference</string>
			<key>lastKnownFileType</key>
			<string>wrapper.framework</string>
			<key>path</key>
			<string>calabash.framework</string>
			<key>sourceTree</key>
			<string>&lt;group&gt;</string>
		</dict>
		<key>4dd10e2e77dc84cb178c863d</key>
		<dict>
			<key>buildConfigurationList</key>
			<string>edb224f30fe8027cdabc7cda</string>
			<key>buildPhases</key>
			<array>
				<string>13fde85fceb4db6457066e91</string>
				<string>e39760a7874a9365cd8833f4</string>
				<string>b089ca5ac126fcd8d1e98f91</string>
			</array>
			<key>buildRules</key>
			<array/>
			<key>dependencies</key>
			<array/>
			<key>isa</key>
			<string>PBXNativeTarget</string>
			<key>name</key>
			<string>Permissions-cal</string>
			<key>productName</key>
			<string>Permissions-cal</string>
			<key>productReference</key>
			<string>15fc252e227f2b21985c85df</string>
			<key>productType</key>
			<string>com.apple.product-type.application</string>
		</dict>
		<key>5c8c48e55672dc760d408a29</key>
		<dict>
			<key>fileRef</key>
			<string>92D56A1818A38F0300B4369B</string>
			<key>isa</key>
			<string>PBXBuildFile</string>
		</dict>
		<key>745a6cda73916e770c04567e</key>
		<dict>
			<key>fileRef</key>
			<string>92D56A0C18A38F0300B4369B</string>
			<key>isa</key>
			<string>PBXBuildFile</string>
		</dict>
		<key>74970c4cd462e58c8a7d819a</key>
		<dict>
			<key>fileRef</key>
			<string>92D56A0418A38F0300B4369B</string>
			<key>isa</key>
			<string>PBXBuildFile</string>
		</dict>
		<key>7e9f4ba9756ecd83b79f8532</key>
		<dict>
			<key>fileRef</key>
			<string>92D56A3818A3944C00B4369B</string>
			<key>isa</key>
			<string>PBXBuildFile</string>
		</dict>
		<key>8b5dbc9803061497656a3fa4</key>
		<dict>
			<key>fileRef</key>
			<string>92D56A0918A38F0300B4369B</string>
			<key>isa</key>
			<string>PBXBuildFile</string>
		</dict>
		<key>8f61b206ab5fe47fcfd32345</key>
		<dict>
			<key>fileRef</key>
			<string>92D56A0018A38F0300B4369B</string>
			<key>isa</key>
			<string>PBXBuildFile</string>
		</dict>
		<key>92917FF718CF72500095F2F7</key>
		<dict>
			<key>isa</key>
			<string>PBXFileReference</string>
			<key>lastKnownFileType</key>
			<string>wrapper.framework</string>
			<key>name</key>
			<string>CoreAudio.framework</string>
			<key>path</key>
			<string>System/Library/Frameworks/CoreAudio.framework</string>
			<key>sourceTree</key>
			<string>SDKROOT</string>
		</dict>
		<key>92D569F418A38F0300B4369B</key>
		<dict>
			<key>children</key>
			<array>
				<string>92D56A0618A38F0300B4369B</string>
				<string>92D56A2518A38F0400B4369B</string>
				<string>92D569FF18A38F0300B4369B</string>
				<string>92D569FE18A38F0300B4369B</string>
			</array>
			<key>indentWidth</key>
			<string>4</string>
			<key>isa</key>
			<string>PBXGroup</string>
			<key>sourceTree</key>
			<string>&lt;group&gt;</string>
			<key>tabWidth</key>
			<string>4</string>
		</dict>
		<key>92D569F518A38F0300B4369B</key>
		<dict>
			<key>attributes</key>
			<dict>
				<key>LastUpgradeCheck</key>
				<string>0510</string>
				<key>ORGANIZATIONNAME</key>
				<string>Villars Gimm</string>
				<key>TargetAttributes</key>
				<dict>
					<key>92D56A1D18A38F0400B4369B</key>
					<dict>
						<key>TestTargetID</key>
						<string>92D569FC18A38F0300B4369B</string>
					</dict>
				</dict>
			</dict>
			<key>buildConfigurationList</key>
			<string>92D569F818A38F0300B4369B</string>
			<key>compatibilityVersion</key>
			<string>Xcode 3.2</string>
			<key>developmentRegion</key>
			<string>English</string>
			<key>hasScannedForEncodings</key>
			<string>0</string>
			<key>isa</key>
			<string>PBXProject</string>
			<key>knownRegions</key>
			<array>
				<string>en</string>
				<string>Base</string>
			</array>
			<key>mainGroup</key>
			<string>92D569F418A38F0300B4369B</string>
			<key>productRefGroup</key>
			<string>92D569FE18A38F0300B4369B</string>
			<key>projectDirPath</key>
			<string></string>
			<key>projectRoot</key>
			<string></string>
			<key>targets</key>
			<array>
				<string>92D569FC18A38F0300B4369B</string>
				<string>92D56A1D18A38F0400B4369B</string>
				<string>4dd10e2e77dc84cb178c863d</string>
			</array>
		</dict>
		<key>92D569F818A38F0300B4369B</key>
		<dict>
			<key>buildConfigurations</key>
			<array>
				<string>92D56A2D18A38F0400B4369B</string>
				<string>92D56A2E18A38F0400B4369B</string>
			</array>
			<key>defaultConfigurationIsVisible</key>
			<string>0</string>
			<key>defaultConfigurationName</key>
			<string>Release</string>
			<key>isa</key>
			<string>XCConfigurationList</string>
		</dict>
		<key>92D569F918A38F0300B4369B</key>
		<dict>
			<key>buildActionMask</key>
			<string>2147483647</string>
			<key>files</key>
			<array>
				<string>92D56A1718A38F0300B4369B</string>
				<string>92D56A1118A38F0300B4369B</string>
				<string>92D56A0D18A38F0300B4369B</string>
			</array>
			<key>isa</key>
			<string>PBXSourcesBuildPhase</string>
			<key>runOnlyForDeploymentPostprocessing</key>
			<string>0</string>
		</dict>
		<key>92D569FA18A38F0300B4369B</key>
		<dict>
			<key>buildActionMask</key>
			<string>2147483647</string>
			<key>files</key>
			<array>
				<string>92D56A3B18A3945700B4369B</string>
				<string>92D56A3918A3944C00B4369B</string>
				<string>92D56A0318A38F0300B4369B</string>
				<string>92D56A0518A38F0300B4369B</string>
				<string>92D56A0118A38F0300B4369B</string>
			</array>
			<key>isa</key>
			<string>PBXFrameworksBuildPhase</string>
			<key>runOnlyForDeploymentPostprocessing</key>
			<string>0</string>
		</dict>
		<key>92D569FB18A38F0300B4369B</key>
		<dict>
			<key>buildActionMask</key>
			<string>2147483647</string>
			<key>files</key>
			<array>
				<string>92D56A1918A38F0300B4369B</string>
				<string>92D56A0B18A38F0300B4369B</string>
				<string>92D56A1418A38F0300B4369B</string>
			</array>
			<key>isa</key>
			<string>PBXResourcesBuildPhase</string>
			<key>runOnlyForDeploymentPostprocessing</key>
			<string>0</string>
		</dict>
		<key>92D569FC18A38F0300B4369B</key>
		<dict>
			<key>buildConfigurationList</key>
			<string>92D56A2F18A38F0400B4369B</string>
			<key>buildPhases</key>
			<array>
				<string>92D569F918A38F0300B4369B</string>
				<string>92D569FA18A38F0300B4369B</string>
				<string>92D569FB18A38F0300B4369B</string>
			</array>
			<key>buildRules</key>
			<array/>
			<key>dependencies</key>
			<array/>
			<key>isa</key>
			<string>PBXNativeTarget</string>
			<key>name</key>
			<string>Permissions</string>
			<key>productName</key>
			<string>Permissions</string>
			<key>productReference</key>
			<string>92D569FD18A38F0300B4369B</string>
			<key>productType</key>
			<string>com.apple.product-type.application</string>
		</dict>
		<key>92D569FD18A38F0300B4369B</key>
		<dict>
			<key>explicitFileType</key>
			<string>wrapper.application</string>
			<key>includeInIndex</key>
			<string>0</string>
			<key>isa</key>
			<string>PBXFileReference</string>
			<key>path</key>
			<string>Permissions.app</string>
			<key>sourceTree</key>
			<string>BUILT_PRODUCTS_DIR</string>
		</dict>
		<key>92D569FE18A38F0300B4369B</key>
		<dict>
			<key>children</key>
			<array>
				<string>92D569FD18A38F0300B4369B</string>
				<string>92D56A1E18A38F0400B4369B</string>
			</array>
			<key>isa</key>
			<string>PBXGroup</string>
			<key>name</key>
			<string>Products</string>
			<key>sourceTree</key>
			<string>&lt;group&gt;</string>
		</dict>
		<key>92D569FF18A38F0300B4369B</key>
		<dict>
			<key>children</key>
			<array>
				<string>92917FF718CF72500095F2F7</string>
				<string>92D56A3A18A3945700B4369B</string>
				<string>92D56A3818A3944C00B4369B</string>
				<string>92D56A0018A38F0300B4369B</string>
				<string>92D56A0218A38F0300B4369B</string>
				<string>92D56A0418A38F0300B4369B</string>
				<string>92D56A1F18A38F0400B4369B</string>
				<string>b0255be9be319745b429c3af</string>
				<string>4bae86e08f26eba4b76433d7</string>
			</array>
			<key>isa</key>
			<string>PBXGroup</string>
			<key>name</key>
			<string>Frameworks</string>
			<key>path</key>
			<string></string>
			<key>sourceTree</key>
			<string>&lt;group&gt;</string>
		</dict>
		<key>92D56A0018A38F0300B4369B</key>
		<dict>
			<key>isa</key>
			<string>PBXFileReference</string>
			<key>lastKnownFileType</key>
			<string>wrapper.framework</string>
			<key>name</key>
			<string>Foundation.framework</string>
			<key>path</key>
			<string>System/Library/Frameworks/Foundation.framework</string>
			<key>sourceTree</key>
			<string>SDKROOT</string>
		</dict>
		<key>92D56A0118A38F0300B4369B</key>
		<dict>
			<key>fileRef</key>
			<string>92D56A0018A38F0300B4369B</string>
			<key>isa</key>
			<string>PBXBuildFile</string>
		</dict>
		<key>92D56A0218A38F0300B4369B</key>
		<dict>
			<key>isa</key>
			<string>PBXFileReference</string>
			<key>lastKnownFileType</key>
			<string>wrapper.framework</string>
			<key>name</key>
			<string>CoreGraphics.framework</string>
			<key>path</key>
			<string>System/Library/Frameworks/CoreGraphics.framework</string>
			<key>sourceTree</key>
			<string>SDKROOT</string>
		</dict>
		<key>92D56A0318A38F0300B4369B</key>
		<dict>
			<key>fileRef</key>
			<string>92D56A0218A38F0300B4369B</string>
			<key>isa</key>
			<string>PBXBuildFile</string>
		</dict>
		<key>92D56A0418A38F0300B4369B</key>
		<dict>
			<key>isa</key>
			<string>PBXFileReference</string>
			<key>lastKnownFileType</key>
			<string>wrapper.framework</string>
			<key>name</key>
			<string>UIKit.framework</string>
			<key>path</key>
			<string>System/Library/Frameworks/UIKit.framework</string>
			<key>sourceTree</key>
			<string>SDKROOT</string>
		</dict>
		<key>92D56A0518A38F0300B4369B</key>
		<dict>
			<key>fileRef</key>
			<string>92D56A0418A38F0300B4369B</string>
			<key>isa</key>
			<string>PBXBuildFile</string>
		</dict>
		<key>92D56A0618A38F0300B4369B</key>
		<dict>
			<key>children</key>
			<array>
				<string>92D56A0F18A38F0300B4369B</string>
				<string>92D56A1018A38F0300B4369B</string>
				<string>92D56A1218A38F0300B4369B</string>
				<string>92D56A1518A38F0300B4369B</string>
				<string>92D56A1618A38F0300B4369B</string>
				<string>92D56A1818A38F0300B4369B</string>
				<string>92D56A0718A38F0300B4369B</string>
			</array>
			<key>isa</key>
			<string>PBXGroup</string>
			<key>path</key>
			<string>Permissions</string>
			<key>sourceTree</key>
			<string>&lt;group&gt;</string>
		</dict>
		<key>92D56A0718A38F0300B4369B</key>
		<dict>
			<key>children</key>
			<array>
				<string>92D56A0818A38F0300B4369B</string>
				<string>92D56A0918A38F0300B4369B</string>
				<string>92D56A0C18A38F0300B4369B</string>
				<string>92D56A0E18A38F0300B4369B</string>
			</array>
			<key>isa</key>
			<string>PBXGroup</string>
			<key>name</key>
			<string>Supporting Files</string>
			<key>sourceTree</key>
			<string>&lt;group&gt;</string>
		</dict>
		<key>92D56A0818A38F0300B4369B</key>
		<dict>
			<key>isa</key>
			<string>PBXFileReference</string>
			<key>lastKnownFileType</key>
			<string>text.plist.xml</string>
			<key>path</key>
			<string>Permissions-Info.plist</string>
			<key>sourceTree</key>
			<string>&lt;group&gt;</string>
		</dict>
		<key>92D56A0918A38F0300B4369B</key>
		<dict>
			<key>children</key>
			<array>
				<string>92D56A0A18A38F0300B4369B</string>
			</array>
			<key>isa</key>
			<string>PBXVariantGroup</string>
			<key>name</key>
			<string>InfoPlist.strings</string>
			<key>sourceTree</key>
			<string>&lt;group&gt;</string>
		</dict>
		<key>92D56A0A18A38F0300B4369B</key>
		<dict>
			<key>isa</key>
			<string>PBXFileReference</string>
			<key>lastKnownFileType</key>
			<string>text.plist.strings</string>
			<key>name</key>
			<string>en</string>
			<key>path</key>
			<string>en.lproj/InfoPlist.strings</string>
			<key>sourceTree</key>
			<string>&lt;group&gt;</string>
		</dict>
		<key>92D56A0B18A38F0300B4369B</key>
		<dict>
			<key>fileRef</key>
			<string>92D56A0918A38F0300B4369B</string>
			<key>isa</key>
			<string>PBXBuildFile</string>
		</dict>
		<key>92D56A0C18A38F0300B4369B</key>
		<dict>
			<key>isa</key>
			<string>PBXFileReference</string>
			<key>lastKnownFileType</key>
			<string>sourcecode.c.objc</string>
			<key>path</key>
			<string>main.m</string>
			<key>sourceTree</key>
			<string>&lt;group&gt;</string>
			<key>tabWidth</key>
			<string>4</string>
		</dict>
		<key>92D56A0D18A38F0300B4369B</key>
		<dict>
			<key>fileRef</key>
			<string>92D56A0C18A38F0300B4369B</string>
			<key>isa</key>
			<string>PBXBuildFile</string>
		</dict>
		<key>92D56A0E18A38F0300B4369B</key>
		<dict>
			<key>isa</key>
			<string>PBXFileReference</string>
			<key>lastKnownFileType</key>
			<string>sourcecode.c.h</string>
			<key>path</key>
			<string>Permissions-Prefix.pch</string>
			<key>sourceTree</key>
			<string>&lt;group&gt;</string>
			<key>tabWidth</key>
			<string>4</string>
		</dict>
		<key>92D56A0F18A38F0300B4369B</key>
		<dict>
			<key>isa</key>
			<string>PBXFileReference</string>
			<key>lastKnownFileType</key>
			<string>sourcecode.c.h</string>
			<key>path</key>
			<string>AppDelegate.h</string>
			<key>sourceTree</key>
			<string>&lt;group&gt;</string>
			<key>tabWidth</key>
			<string>4</string>
		</dict>
		<key>92D56A1018A38F0300B4369B</key>
		<dict>
			<key>isa</key>
			<string>PBXFileReference</string>
			<key>lastKnownFileType</key>
			<string>sourcecode.c.objc</string>
			<key>path</key>
			<string>AppDelegate.m</string>
			<key>sourceTree</key>
			<string>&lt;group&gt;</string>
			<key>tabWidth</key>
			<string>4</string>
		</dict>
		<key>92D56A1118A38F0300B4369B</key>
		<dict>
			<key>fileRef</key>
			<string>92D56A1018A38F0300B4369B</string>
			<key>isa</key>
			<string>PBXBuildFile</string>
		</dict>
		<key>92D56A1218A38F0300B4369B</key>
		<dict>
			<key>children</key>
			<array>
				<string>92D56A1318A38F0300B4369B</string>
			</array>
			<key>isa</key>
			<string>PBXVariantGroup</string>
			<key>name</key>
			<string>Main.storyboard</string>
			<key>sourceTree</key>
			<string>&lt;group&gt;</string>
		</dict>
		<key>92D56A1318A38F0300B4369B</key>
		<dict>
			<key>isa</key>
			<string>PBXFileReference</string>
			<key>lastKnownFileType</key>
			<string>file.storyboard</string>
			<key>name</key>
			<string>Base</string>
			<key>path</key>
			<string>Base.lproj/Main.storyboard</string>
			<key>sourceTree</key>
			<string>&lt;group&gt;</string>
		</dict>
		<key>92D56A1418A38F0300B4369B</key>
		<dict>
			<key>fileRef</key>
			<string>92D56A1218A38F0300B4369B</string>
			<key>isa</key>
			<string>PBXBuildFile</string>
		</dict>
		<key>92D56A1518A38F0300B4369B</key>
		<dict>
			<key>isa</key>
			<string>PBXFileReference</string>
			<key>lastKnownFileType</key>
			<string>sourcecode.c.h</string>
			<key>path</key>
			<string>ViewController.h</string>
			<key>sourceTree</key>
			<string>&lt;group&gt;</string>
			<key>tabWidth</key>
			<string>4</string>
		</dict>
		<key>92D56A1618A38F0300B4369B</key>
		<dict>
			<key>isa</key>
			<string>PBXFileReference</string>
			<key>lastKnownFileType</key>
			<string>sourcecode.c.objc</string>
			<key>path</key>
			<string>ViewController.m</string>
			<key>sourceTree</key>
			<string>&lt;group&gt;</string>
			<key>tabWidth</key>
			<string>4</string>
		</dict>
		<key>92D56A1718A38F0300B4369B</key>
		<dict>
			<key>fileRef</key>
			<string>92D56A1618A38F0300B4369B</string>
			<key>isa</key>
			<string>PBXBuildFile</string>
		</dict>
		<key>92D56A1818A38F0300B4369B</key>
		<dict>
			<key>isa</key>
			<string>PBXFileReference</string>
			<key>lastKnownFileType</key>
			<string>folder.assetcatalog</string>
			<key>path</key>
			<string>Images.xcassets</string>
			<key>sourceTree</key>
			<string>&lt;group&gt;</string>
		</dict>
		<key>92D56A1918A38F0300B4369B</key>
		<dict>
			<key>fileRef</key>
			<string>92D56A1818A38F0300B4369B</string>
			<key>isa</key>
			<string>PBXBuildFile</string>
		</dict>
		<key>92D56A1A18A38F0400B4369B</key>
		<dict>
			<key>buildActionMask</key>
			<string>2147483647</string>
			<key>files</key>
			<array>
				<string>92D56A2C18A38F0400B4369B</string>
			</array>
			<key>isa</key>
			<string>PBXSourcesBuildPhase</string>
			<key>runOnlyForDeploymentPostprocessing</key>
			<string>0</string>
		</dict>
		<key>92D56A1B18A38F0400B4369B</key>
		<dict>
			<key>buildActionMask</key>
			<string>2147483647</string>
			<key>files</key>
			<array>
				<string>92D56A2018A38F0400B4369B</string>
				<string>92D56A2218A38F0400B4369B</string>
				<string>92D56A2118A38F0400B4369B</string>
			</array>
			<key>isa</key>
			<string>PBXFrameworksBuildPhase</string>
			<key>runOnlyForDeploymentPostprocessing</key>
			<string>0</string>
		</dict>
		<key>92D56A1C18A38F0400B4369B</key>
		<dict>
			<key>buildActionMask</key>
			<string>2147483647</string>
			<key>files</key>
			<array>
				<string>92D56A2A18A38F0400B4369B</string>
			</array>
			<key>isa</key>
			<string>PBXResourcesBuildPhase</string>
			<key>runOnlyForDeploymentPostprocessing</key>
			<string>0</string>
		</dict>
		<key>92D56A1D18A38F0400B4369B</key>
		<dict>
			<key>buildConfigurationList</key>
			<string>92D56A3218A38F0400B4369B</string>
			<key>buildPhases</key>
			<array>
				<string>92D56A1A18A38F0400B4369B</string>
				<string>92D56A1B18A38F0400B4369B</string>
				<string>92D56A1C18A38F0400B4369B</string>
			</array>
			<key>buildRules</key>
			<array/>
			<key>dependencies</key>
			<array>
				<string>92D56A2418A38F0400B4369B</string>
			</array>
			<key>isa</key>
			<string>PBXNativeTarget</string>
			<key>name</key>
			<string>PermissionsTests</string>
			<key>productName</key>
			<string>PermissionsTests</string>
			<key>productReference</key>
			<string>92D56A1E18A38F0400B4369B</string>
			<key>productType</key>
			<string>com.apple.product-type.bundle.unit-test</string>
		</dict>
		<key>92D56A1E18A38F0400B4369B</key>
		<dict>
			<key>explicitFileType</key>
			<string>wrapper.cfbundle</string>
			<key>includeInIndex</key>
			<string>0</string>
			<key>isa</key>
			<string>PBXFileReference</string>
			<key>path</key>
			<string>PermissionsTests.xctest</string>
			<key>sourceTree</key>
			<string>BUILT_PRODUCTS_DIR</string>
		</dict>
		<key>92D56A1F18A38F0400B4369B</key>
		<dict>
			<key>isa</key>
			<string>PBXFileReference</string>
			<key>lastKnownFileType</key>
			<string>wrapper.framework</string>
			<key>name</key>
			<string>XCTest.framework</string>
			<key>path</key>
			<string>Library/Frameworks/XCTest.framework</string>
			<key>sourceTree</key>
			<string>DEVELOPER_DIR</string>
		</dict>
		<key>92D56A2018A38F0400B4369B</key>
		<dict>
			<key>fileRef</key>
			<string>92D56A1F18A38F0400B4369B</string>
			<key>isa</key>
			<string>PBXBuildFile</string>
		</dict>
		<key>92D56A2118A38F0400B4369B</key>
		<dict>
			<key>fileRef</key>
			<string>92D56A0018A38F0300B4369B</string>
			<key>isa</key>
			<string>PBXBuildFile</string>
		</dict>
		<key>92D56A2218A38F0400B4369B</key>
		<dict>
			<key>fileRef</key>
			<string>92D56A0418A38F0300B4369B</string>
			<key>isa</key>
			<string>PBXBuildFile</string>
		</dict>
		<key>92D56A2318A38F0400B4369B</key>
		<dict>
			<key>containerPortal</key>
			<string>92D569F518A38F0300B4369B</string>
			<key>isa</key>
			<string>PBXContainerItemProxy</string>
			<key>proxyType</key>
			<string>1</string>
			<key>remoteGlobalIDString</key>
			<string>92D569FC18A38F0300B4369B</string>
			<key>remoteInfo</key>
			<string>Permissions</string>
		</dict>
		<key>92D56A2418A38F0400B4369B</key>
		<dict>
			<key>isa</key>
			<string>PBXTargetDependency</string>
			<key>target</key>
			<string>92D569FC18A38F0300B4369B</string>
			<key>targetProxy</key>
			<string>92D56A2318A38F0400B4369B</string>
		</dict>
		<key>92D56A2518A38F0400B4369B</key>
		<dict>
			<key>children</key>
			<array>
				<string>92D56A2B18A38F0400B4369B</string>
				<string>92D56A2618A38F0400B4369B</string>
			</array>
			<key>isa</key>
			<string>PBXGroup</string>
			<key>path</key>
			<string>PermissionsTests</string>
			<key>sourceTree</key>
			<string>&lt;group&gt;</string>
		</dict>
		<key>92D56A2618A38F0400B4369B</key>
		<dict>
			<key>children</key>
			<array>
				<string>92D56A2718A38F0400B4369B</string>
				<string>92D56A2818A38F0400B4369B</string>
			</array>
			<key>isa</key>
			<string>PBXGroup</string>
			<key>name</key>
			<string>Supporting Files</string>
			<key>sourceTree</key>
			<string>&lt;group&gt;</string>
		</dict>
		<key>92D56A2718A38F0400B4369B</key>
		<dict>
			<key>isa</key>
			<string>PBXFileReference</string>
			<key>lastKnownFileType</key>
			<string>text.plist.xml</string>
			<key>path</key>
			<string>PermissionsTests-Info.plist</string>
			<key>sourceTree</key>
			<string>&lt;group&gt;</string>
		</dict>
		<key>92D56A2818A38F0400B4369B</key>
		<dict>
			<key>children</key>
			<array>
				<string>92D56A2918A38F0400B4369B</string>
			</array>
			<key>isa</key>
			<string>PBXVariantGroup</string>
			<key>name</key>
			<string>InfoPlist.strings</string>
			<key>sourceTree</key>
			<string>&lt;group&gt;</string>
		</dict>
		<key>92D56A2918A38F0400B4369B</key>
		<dict>
			<key>isa</key>
			<string>PBXFileReference</string>
			<key>lastKnownFileType</key>
			<string>text.plist.strings</string>
			<key>name</key>
			<string>en</string>
			<key>path</key>
			<string>en.lproj/InfoPlist.strings</string>
			<key>sourceTree</key>
			<string>&lt;group&gt;</string>
		</dict>
		<key>92D56A2A18A38F0400B4369B</key>
		<dict>
			<key>fileRef</key>
			<string>92D56A2818A38F0400B4369B</string>
			<key>isa</key>
			<string>PBXBuildFile</string>
		</dict>
		<key>92D56A2B18A38F0400B4369B</key>
		<dict>
			<key>isa</key>
			<string>PBXFileReference</string>
			<key>lastKnownFileType</key>
			<string>sourcecode.c.objc</string>
			<key>path</key>
			<string>PermissionsTests.m</string>
			<key>sourceTree</key>
			<string>&lt;group&gt;</string>
			<key>tabWidth</key>
			<string>4</string>
		</dict>
		<key>92D56A2C18A38F0400B4369B</key>
		<dict>
			<key>fileRef</key>
			<string>92D56A2B18A38F0400B4369B</string>
			<key>isa</key>
			<string>PBXBuildFile</string>
		</dict>
		<key>92D56A2D18A38F0400B4369B</key>
		<dict>
			<key>buildSettings</key>
			<dict>
				<key>ALWAYS_SEARCH_USER_PATHS</key>
				<string>NO</string>
				<key>CLANG_CXX_LANGUAGE_STANDARD</key>
				<string>gnu++0x</string>
				<key>CLANG_CXX_LIBRARY</key>
				<string>libc++</string>
				<key>CLANG_ENABLE_MODULES</key>
				<string>YES</string>
				<key>CLANG_ENABLE_OBJC_ARC</key>
				<string>YES</string>
				<key>CLANG_WARN_BOOL_CONVERSION</key>
				<string>YES</string>
				<key>CLANG_WARN_CONSTANT_CONVERSION</key>
				<string>YES</string>
				<key>CLANG_WARN_DIRECT_OBJC_ISA_USAGE</key>
				<string>YES_ERROR</string>
				<key>CLANG_WARN_EMPTY_BODY</key>
				<string>YES</string>
				<key>CLANG_WARN_ENUM_CONVERSION</key>
				<string>YES</string>
				<key>CLANG_WARN_INT_CONVERSION</key>
				<string>YES</string>
				<key>CLANG_WARN_OBJC_ROOT_CLASS</key>
				<string>YES_ERROR</string>
				<key>CLANG_WARN__DUPLICATE_METHOD_MATCH</key>
				<string>YES</string>
				<key>CODE_SIGN_IDENTITY[sdk=iphoneos*]</key>
				<string>iPhone Developer</string>
				<key>COPY_PHASE_STRIP</key>
				<string>NO</string>
				<key>GCC_C_LANGUAGE_STANDARD</key>
				<string>gnu99</string>
				<key>GCC_DYNAMIC_NO_PIC</key>
				<string>NO</string>
				<key>GCC_OPTIMIZATION_LEVEL</key>
				<string>0</string>
				<key>GCC_PREPROCESSOR_DEFINITIONS</key>
				<array>
					<string>DEBUG=1</string>
					<string>$(inherited)</string>
				</array>
				<key>GCC_SYMBOLS_PRIVATE_EXTERN</key>
				<string>NO</string>
				<key>GCC_WARN_64_TO_32_BIT_CONVERSION</key>
				<string>YES</string>
				<key>GCC_WARN_ABOUT_RETURN_TYPE</key>
				<string>YES_ERROR</string>
				<key>GCC_WARN_UNDECLARED_SELECTOR</key>
				<string>YES</string>
				<key>GCC_WARN_UNINITIALIZED_AUTOS</key>
				<string>YES</string>
				<key>GCC_WARN_UNUSED_FUNCTION</key>
				<string>YES</string>
				<key>GCC_WARN_UNUSED_VARIABLE</key>
				<string>YES</string>
				<key>IPHONEOS_DEPLOYMENT_TARGET</key>
				<string>6.1</string>
				<key>ONLY_ACTIVE_ARCH</key>
				<string>YES</string>
				<key>SDKROOT</key>
				<string>iphoneos</string>
			</dict>
			<key>isa</key>
			<string>XCBuildConfiguration</string>
			<key>name</key>
			<string>Debug</string>
		</dict>
		<key>92D56A2E18A38F0400B4369B</key>
		<dict>
			<key>buildSettings</key>
			<dict>
				<key>ALWAYS_SEARCH_USER_PATHS</key>
				<string>NO</string>
				<key>CLANG_CXX_LANGUAGE_STANDARD</key>
				<string>gnu++0x</string>
				<key>CLANG_CXX_LIBRARY</key>
				<string>libc++</string>
				<key>CLANG_ENABLE_MODULES</key>
				<string>YES</string>
				<key>CLANG_ENABLE_OBJC_ARC</key>
				<string>YES</string>
				<key>CLANG_WARN_BOOL_CONVERSION</key>
				<string>YES</string>
				<key>CLANG_WARN_CONSTANT_CONVERSION</key>
				<string>YES</string>
				<key>CLANG_WARN_DIRECT_OBJC_ISA_USAGE</key>
				<string>YES_ERROR</string>
				<key>CLANG_WARN_EMPTY_BODY</key>
				<string>YES</string>
				<key>CLANG_WARN_ENUM_CONVERSION</key>
				<string>YES</string>
				<key>CLANG_WARN_INT_CONVERSION</key>
				<string>YES</string>
				<key>CLANG_WARN_OBJC_ROOT_CLASS</key>
				<string>YES_ERROR</string>
				<key>CLANG_WARN__DUPLICATE_METHOD_MATCH</key>
				<string>YES</string>
				<key>CODE_SIGN_IDENTITY[sdk=iphoneos*]</key>
				<string>iPhone Developer</string>
				<key>COPY_PHASE_STRIP</key>
				<string>YES</string>
				<key>ENABLE_NS_ASSERTIONS</key>
				<string>NO</string>
				<key>GCC_C_LANGUAGE_STANDARD</key>
				<string>gnu99</string>
				<key>GCC_WARN_64_TO_32_BIT_CONVERSION</key>
				<string>YES</string>
				<key>GCC_WARN_ABOUT_RETURN_TYPE</key>
				<string>YES_ERROR</string>
				<key>GCC_WARN_UNDECLARED_SELECTOR</key>
				<string>YES</string>
				<key>GCC_WARN_UNINITIALIZED_AUTOS</key>
				<string>YES</string>
				<key>GCC_WARN_UNUSED_FUNCTION</key>
				<string>YES</string>
				<key>GCC_WARN_UNUSED_VARIABLE</key>
				<string>YES</string>
				<key>IPHONEOS_DEPLOYMENT_TARGET</key>
				<string>6.1</string>
				<key>SDKROOT</key>
				<string>iphoneos</string>
				<key>VALIDATE_PRODUCT</key>
				<string>YES</string>
			</dict>
			<key>isa</key>
			<string>XCBuildConfiguration</string>
			<key>name</key>
			<string>Release</string>
		</dict>
		<key>92D56A2F18A38F0400B4369B</key>
		<dict>
			<key>buildConfigurations</key>
			<array>
				<string>92D56A3018A38F0400B4369B</string>
				<string>92D56A3118A38F0400B4369B</string>
			</array>
			<key>defaultConfigurationIsVisible</key>
			<string>0</string>
			<key>defaultConfigurationName</key>
			<string>Release</string>
			<key>isa</key>
			<string>XCConfigurationList</string>
		</dict>
		<key>92D56A3018A38F0400B4369B</key>
		<dict>
			<key>buildSettings</key>
			<dict>
				<key>ASSETCATALOG_COMPILER_APPICON_NAME</key>
				<string>AppIcon</string>
				<key>ASSETCATALOG_COMPILER_LAUNCHIMAGE_NAME</key>
				<string>LaunchImage</string>
				<key>CODE_SIGN_IDENTITY</key>
				<string>iPhone Developer</string>
				<key>CODE_SIGN_IDENTITY[sdk=iphoneos*]</key>
				<string>iPhone Developer</string>
				<key>GCC_PRECOMPILE_PREFIX_HEADER</key>
				<string>YES</string>
				<key>GCC_PREFIX_HEADER</key>
				<string>Permissions/Permissions-Prefix.pch</string>
				<key>INFOPLIST_FILE</key>
				<string>Permissions/Permissions-Info.plist</string>
				<key>PRODUCT_NAME</key>
				<string>$(TARGET_NAME)</string>
				<key>PROVISIONING_PROFILE</key>
				<string></string>
				<key>WRAPPER_EXTENSION</key>
				<string>app</string>
			</dict>
			<key>isa</key>
			<string>XCBuildConfiguration</string>
			<key>name</key>
			<string>Debug</string>
		</dict>
		<key>92D56A3118A38F0400B4369B</key>
		<dict>
			<key>buildSettings</key>
			<dict>
				<key>ASSETCATALOG_COMPILER_APPICON_NAME</key>
				<string>AppIcon</string>
				<key>ASSETCATALOG_COMPILER_LAUNCHIMAGE_NAME</key>
				<string>LaunchImage</string>
				<key>CODE_SIGN_IDENTITY</key>
				<string>iPhone Developer</string>
				<key>CODE_SIGN_IDENTITY[sdk=iphoneos*]</key>
				<string>iPhone Developer</string>
				<key>GCC_PRECOMPILE_PREFIX_HEADER</key>
				<string>YES</string>
				<key>GCC_PREFIX_HEADER</key>
				<string>Permissions/Permissions-Prefix.pch</string>
				<key>INFOPLIST_FILE</key>
				<string>Permissions/Permissions-Info.plist</string>
				<key>PRODUCT_NAME</key>
				<string>$(TARGET_NAME)</string>
				<key>PROVISIONING_PROFILE</key>
				<string></string>
				<key>WRAPPER_EXTENSION</key>
				<string>app</string>
			</dict>
			<key>isa</key>
			<string>XCBuildConfiguration</string>
			<key>name</key>
			<string>Release</string>
		</dict>
		<key>92D56A3218A38F0400B4369B</key>
		<dict>
			<key>buildConfigurations</key>
			<array>
				<string>92D56A3318A38F0400B4369B</string>
				<string>92D56A3418A38F0400B4369B</string>
			</array>
			<key>defaultConfigurationIsVisible</key>
			<string>0</string>
			<key>defaultConfigurationName</key>
			<string>Release</string>
			<key>isa</key>
			<string>XCConfigurationList</string>
		</dict>
		<key>92D56A3318A38F0400B4369B</key>
		<dict>
			<key>buildSettings</key>
			<dict>
				<key>BUNDLE_LOADER</key>
				<string>$(BUILT_PRODUCTS_DIR)/Permissions.app/Permissions</string>
				<key>FRAMEWORK_SEARCH_PATHS</key>
				<array>
					<string>$(SDKROOT)/Developer/Library/Frameworks</string>
					<string>$(inherited)</string>
					<string>$(DEVELOPER_FRAMEWORKS_DIR)</string>
				</array>
				<key>GCC_PRECOMPILE_PREFIX_HEADER</key>
				<string>YES</string>
				<key>GCC_PREFIX_HEADER</key>
				<string>Permissions/Permissions-Prefix.pch</string>
				<key>GCC_PREPROCESSOR_DEFINITIONS</key>
				<array>
					<string>DEBUG=1</string>
					<string>$(inherited)</string>
				</array>
				<key>INFOPLIST_FILE</key>
				<string>PermissionsTests/PermissionsTests-Info.plist</string>
				<key>PRODUCT_NAME</key>
				<string>$(TARGET_NAME)</string>
				<key>TEST_HOST</key>
				<string>$(BUNDLE_LOADER)</string>
				<key>WRAPPER_EXTENSION</key>
				<string>xctest</string>
			</dict>
			<key>isa</key>
			<string>XCBuildConfiguration</string>
			<key>name</key>
			<string>Debug</string>
		</dict>
		<key>92D56A3418A38F0400B4369B</key>
		<dict>
			<key>buildSettings</key>
			<dict>
				<key>BUNDLE_LOADER</key>
				<string>$(BUILT_PRODUCTS_DIR)/Permissions.app/Permissions</string>
				<key>FRAMEWORK_SEARCH_PATHS</key>
				<array>
					<string>$(SDKROOT)/Developer/Library/Frameworks</string>
					<string>$(inherited)</string>
					<string>$(DEVELOPER_FRAMEWORKS_DIR)</string>
				</array>
				<key>GCC_PRECOMPILE_PREFIX_HEADER</key>
				<string>YES</string>
				<key>GCC_PREFIX_HEADER</key>
				<string>Permissions/Permissions-Prefix.pch</string>
				<key>INFOPLIST_FILE</key>
				<string>PermissionsTests/PermissionsTests-Info.plist</string>
				<key>PRODUCT_NAME</key>
				<string>$(TARGET_NAME)</string>
				<key>TEST_HOST</key>
				<string>$(BUNDLE_LOADER)</string>
				<key>WRAPPER_EXTENSION</key>
				<string>xctest</string>
			</dict>
			<key>isa</key>
			<string>XCBuildConfiguration</string>
			<key>name</key>
			<string>Release</string>
		</dict>
		<key>92D56A3818A3944C00B4369B</key>
		<dict>
			<key>isa</key>
			<string>PBXFileReference</string>
			<key>lastKnownFileType</key>
			<string>wrapper.framework</string>
			<key>name</key>
			<string>CoreLocation.framework</string>
			<key>path</key>
			<string>System/Library/Frameworks/CoreLocation.framework</string>
			<key>sourceTree</key>
			<string>SDKROOT</string>
		</dict>
		<key>92D56A3918A3944C00B4369B</key>
		<dict>
			<key>fileRef</key>
			<string>92D56A3818A3944C00B4369B</string>
			<key>isa</key>
			<string>PBXBuildFile</string>
		</dict>
		<key>92D56A3A18A3945700B4369B</key>
		<dict>
			<key>isa</key>
			<string>PBXFileReference</string>
			<key>lastKnownFileType</key>
			<string>wrapper.framework</string>
			<key>name</key>
			<string>CoreBluetooth.framework</string>
			<key>path</key>
			<string>System/Library/Frameworks/CoreBluetooth.framework</string>
			<key>sourceTree</key>
			<string>SDKROOT</string>
		</dict>
		<key>92D56A3B18A3945700B4369B</key>
		<dict>
			<key>fileRef</key>
			<string>92D56A3A18A3945700B4369B</string>
			<key>isa</key>
			<string>PBXBuildFile</string>
		</dict>
		<key>b0255be9be319745b429c3af</key>
		<dict>
			<key>fileEncoding</key>
			<string>4</string>
			<key>isa</key>
			<string>PBXFileReference</string>
			<key>lastKnownFileType</key>
			<string>wrapper.framework</string>
			<key>name</key>
			<string>CFNetwork.framework</string>
			<key>path</key>
			<string>System/Library/Frameworks/CFNetwork.framework</string>
			<key>sourceTree</key>
			<string>SDKROOT</string>
		</dict>
		<key>b089ca5ac126fcd8d1e98f91</key>
		<dict>
			<key>buildActionMask</key>
			<string>2147483647</string>
			<key>files</key>
			<array>
				<string>5c8c48e55672dc760d408a29</string>
				<string>8b5dbc9803061497656a3fa4</string>
				<string>0baaba571ac6fd035a89e432</string>
			</array>
			<key>isa</key>
			<string>PBXResourcesBuildPhase</string>
			<key>runOnlyForDeploymentPostprocessing</key>
			<string>0</string>
		</dict>
		<key>bab4e294c315b18a5140062e</key>
		<dict>
			<key>fileRef</key>
			<string>92D56A1618A38F0300B4369B</string>
			<key>isa</key>
			<string>PBXBuildFile</string>
		</dict>
		<key>bcf61b340cc8ddd000a2e9bf</key>
		<dict>
			<key>fileRef</key>
			<string>92D56A0218A38F0300B4369B</string>
			<key>isa</key>
			<string>PBXBuildFile</string>
		</dict>
		<key>bf817e787ae33b71b00ee54b</key>
		<dict>
			<key>buildSettings</key>
			<dict>
				<key>ASSETCATALOG_COMPILER_APPICON_NAME</key>
				<string>AppIcon</string>
				<key>ASSETCATALOG_COMPILER_LAUNCHIMAGE_NAME</key>
				<string>LaunchImage</string>
				<key>CODE_SIGN_IDENTITY</key>
				<string>iPhone Developer</string>
				<key>CODE_SIGN_IDENTITY[sdk=iphoneos*]</key>
				<string>iPhone Developer</string>
				<key>FRAMEWORK_SEARCH_PATHS</key>
				<array>
					<string>$(inherited)</string>
					<string>"$(SRCROOT)"</string>
				</array>
				<key>GCC_PRECOMPILE_PREFIX_HEADER</key>
				<string>YES</string>
				<key>GCC_PREFIX_HEADER</key>
				<string>Permissions/Permissions-Prefix.pch</string>
				<key>INFOPLIST_FILE</key>
				<string>Permissions/Permissions-Info.plist</string>
				<key>OTHER_LDFLAGS</key>
				<array>
					<string>$(inherited)</string>
					<string>-force_load</string>
					<string>"$(SRCROOT)/calabash.framework/calabash"</string>
					<string>-lstdc++</string>
				</array>
				<key>PRODUCT_NAME</key>
				<string>$(TARGET_NAME)</string>
				<key>PROVISIONING_PROFILE</key>
				<string></string>
				<key>WRAPPER_EXTENSION</key>
				<string>app</string>
			</dict>
			<key>isa</key>
			<string>XCBuildConfiguration</string>
			<key>name</key>
			<string>Debug</string>
		</dict>
		<key>db10064d1cf9883f7aa3d773</key>
		<dict>
			<key>fileRef</key>
			<string>4bae86e08f26eba4b76433d7</string>
			<key>isa</key>
			<string>PBXBuildFile</string>
		</dict>
		<key>e39760a7874a9365cd8833f4</key>
		<dict>
			<key>buildActionMask</key>
			<string>2147483647</string>
			<key>files</key>
			<array>
				<string>00d956f47563083b991abf86</string>
				<string>7e9f4ba9756ecd83b79f8532</string>
				<string>bcf61b340cc8ddd000a2e9bf</string>
				<string>74970c4cd462e58c8a7d819a</string>
				<string>8f61b206ab5fe47fcfd32345</string>
				<string>09ddaf9e291ccafa8a8eaa20</string>
				<string>db10064d1cf9883f7aa3d773</string>
			</array>
			<key>isa</key>
			<string>PBXFrameworksBuildPhase</string>
			<key>runOnlyForDeploymentPostprocessing</key>
			<string>0</string>
		</dict>
		<key>e8988f8647cb9a7127524d11</key>
		<dict>
			<key>fileRef</key>
			<string>92D56A1018A38F0300B4369B</string>
			<key>isa</key>
			<string>PBXBuildFile</string>
		</dict>
		<key>edb224f30fe8027cdabc7cda</key>
		<dict>
			<key>buildConfigurations</key>
			<array>
				<string>bf817e787ae33b71b00ee54b</string>
				<string>02a8090752c77fdf21d4cc51</string>
			</array>
			<key>defaultConfigurationIsVisible</key>
			<string>0</string>
			<key>defaultConfigurationName</key>
			<string>Release</string>
			<key>isa</key>
			<string>XCConfigurationList</string>
		</dict>
	</dict>
	<key>rootObject</key>
	<string>92D569F518A38F0300B4369B</string>
</dict>
</plist>
