
Microsoft Visual Studio Solution File, Format Version 12.00
# Visual Studio Version 16
VisualStudioVersion = 16.0.810.11
MinimumVisualStudioVersion = 10.0.40219.1
Project("{FAE04EC0-301F-11D3-BF4B-00C04F79EFBC}") = "Permissions_UITest", "Permissions_UITest\Permissions_UITest.csproj", "{A3B4C280-9AE9-46B8-8484-848B3711DE81}"
EndProject
Global
	GlobalSection(SolutionConfigurationPlatforms) = preSolution
		Debug|Any CPU = Debug|Any CPU
		Release|Any CPU = Release|Any CPU
	EndGlobalSection
	GlobalSection(ProjectConfigurationPlatforms) = postSolution
		{A3B4C280-9AE9-46B8-8484-848B3711DE81}.Debug|Any CPU.ActiveCfg = Debug|Any CPU
		{A3B4C280-9AE9-46B8-8484-848B3711DE81}.Debug|Any CPU.Build.0 = Debug|Any CPU
		{A3B4C280-9AE9-46B8-8484-848B3711DE81}.Release|Any CPU.ActiveCfg = Release|Any CPU
		{A3B4C280-9AE9-46B8-8484-848B3711DE81}.Release|Any CPU.Build.0 = Release|Any CPU
	EndGlobalSection
	GlobalSection(SolutionProperties) = preSolution
		HideSolutionNode = FALSE
	EndGlobalSection
	GlobalSection(ExtensibilityGlobals) = postSolution
		SolutionGuid = {1B0279AF-E786-4BBB-89CA-917CCFCDCEE3}
	EndGlobalSection
EndGlobal
